
Microsoft Visual Studio Solution File, Format Version 12.00
Project("{FAE04EC0-301F-11D3-BF4B-00C04F79EFBC}") = "Thingy52", "Thingy52\Thingy52.csproj", "{AEA162A7-417A-49B5-9D6B-8B7349423B01}"
EndProject
Global
	GlobalSection(SolutionConfigurationPlatforms) = preSolution
		Debug|Any CPU = Debug|Any CPU
		Release|Any CPU = Release|Any CPU
	EndGlobalSection
	GlobalSection(ProjectConfigurationPlatforms) = postSolution
		{AEA162A7-417A-49B5-9D6B-8B7349423B01}.Debug|Any CPU.ActiveCfg = Debug|Any CPU
		{AEA162A7-417A-49B5-9D6B-8B7349423B01}.Debug|Any CPU.Build.0 = Debug|Any CPU
		{AEA162A7-417A-49B5-9D6B-8B7349423B01}.Release|Any CPU.ActiveCfg = Release|Any CPU
		{AEA162A7-417A-49B5-9D6B-8B7349423B01}.Release|Any CPU.Build.0 = Release|Any CPU
	EndGlobalSection
EndGlobal
