
Microsoft Visual Studio Solution File, Format Version 12.00
Project("{FAE04EC0-301F-11D3-BF4B-00C04F79EFBC}") = "Thingy52", "Thingy52\Thingy52.csproj", "{EE92AAC2-C95E-4891-82C9-CE980AD109F9}"
EndProject
Global
	GlobalSection(SolutionConfigurationPlatforms) = preSolution
		Debug|Any CPU = Debug|Any CPU
		Release|Any CPU = Release|Any CPU
	EndGlobalSection
	GlobalSection(ProjectConfigurationPlatforms) = postSolution
		{EE92AAC2-C95E-4891-82C9-CE980AD109F9}.Debug|Any CPU.ActiveCfg = Debug|Any CPU
		{EE92AAC2-C95E-4891-82C9-CE980AD109F9}.Debug|Any CPU.Build.0 = Debug|Any CPU
		{EE92AAC2-C95E-4891-82C9-CE980AD109F9}.Release|Any CPU.ActiveCfg = Release|Any CPU
		{EE92AAC2-C95E-4891-82C9-CE980AD109F9}.Release|Any CPU.Build.0 = Release|Any CPU
	EndGlobalSection
EndGlobal
